
Microsoft Visual Studio Solution File, Format Version 12.00
# Visual Studio Version 17
VisualStudioVersion = 17.5.33502.453
MinimumVisualStudioVersion = 10.0.40219.1
Project("{9A19103F-16F7-4668-BE54-9A1E7A4F7556}") = "FintechBackupScheduler", "FintechBackupScheduler\FintechBackupScheduler.csproj", "{FA9ABDA9-E4E6-4596-9F62-8110C62F251D}"
EndProject
Project("{9A19103F-16F7-4668-BE54-9A1E7A4F7556}") = "Infrastructure", "Infrastructure\Infrastructure.csproj", "{4957790E-6C47-43A4-B43F-548C9B540094}"
EndProject
Project("{9A19103F-16F7-4668-BE54-9A1E7A4F7556}") = "Data", "Data\Data.csproj", "{06E7B7E5-802F-4125-BE69-E14B9CC285A3}"
EndProject
Project("{9A19103F-16F7-4668-BE54-9A1E7A4F7556}") = "AppUtility", "AppUtility\AppUtility.csproj", "{8820781C-83BB-4DCC-B80B-FFA8E2AE5007}"
EndProject
Project("{9A19103F-16F7-4668-BE54-9A1E7A4F7556}") = "Entity", "Entity\Entity.csproj", "{DE5AC377-4051-419A-B462-EC08328ABA5D}"
EndProject
Global
	GlobalSection(SolutionConfigurationPlatforms) = preSolution
		Debug|Any CPU = Debug|Any CPU
		Release|Any CPU = Release|Any CPU
	EndGlobalSection
	GlobalSection(ProjectConfigurationPlatforms) = postSolution
		{FA9ABDA9-E4E6-4596-9F62-8110C62F251D}.Debug|Any CPU.ActiveCfg = Debug|Any CPU
		{FA9ABDA9-E4E6-4596-9F62-8110C62F251D}.Debug|Any CPU.Build.0 = Debug|Any CPU
		{FA9ABDA9-E4E6-4596-9F62-8110C62F251D}.Release|Any CPU.ActiveCfg = Release|Any CPU
		{FA9ABDA9-E4E6-4596-9F62-8110C62F251D}.Release|Any CPU.Build.0 = Release|Any CPU
		{4957790E-6C47-43A4-B43F-548C9B540094}.Debug|Any CPU.ActiveCfg = Debug|Any CPU
		{4957790E-6C47-43A4-B43F-548C9B540094}.Debug|Any CPU.Build.0 = Debug|Any CPU
		{4957790E-6C47-43A4-B43F-548C9B540094}.Release|Any CPU.ActiveCfg = Release|Any CPU
		{4957790E-6C47-43A4-B43F-548C9B540094}.Release|Any CPU.Build.0 = Release|Any CPU
		{06E7B7E5-802F-4125-BE69-E14B9CC285A3}.Debug|Any CPU.ActiveCfg = Debug|Any CPU
		{06E7B7E5-802F-4125-BE69-E14B9CC285A3}.Debug|Any CPU.Build.0 = Debug|Any CPU
		{06E7B7E5-802F-4125-BE69-E14B9CC285A3}.Release|Any CPU.ActiveCfg = Release|Any CPU
		{06E7B7E5-802F-4125-BE69-E14B9CC285A3}.Release|Any CPU.Build.0 = Release|Any CPU
		{8820781C-83BB-4DCC-B80B-FFA8E2AE5007}.Debug|Any CPU.ActiveCfg = Debug|Any CPU
		{8820781C-83BB-4DCC-B80B-FFA8E2AE5007}.Debug|Any CPU.Build.0 = Debug|Any CPU
		{8820781C-83BB-4DCC-B80B-FFA8E2AE5007}.Release|Any CPU.ActiveCfg = Release|Any CPU
		{8820781C-83BB-4DCC-B80B-FFA8E2AE5007}.Release|Any CPU.Build.0 = Release|Any CPU
		{DE5AC377-4051-419A-B462-EC08328ABA5D}.Debug|Any CPU.ActiveCfg = Debug|Any CPU
		{DE5AC377-4051-419A-B462-EC08328ABA5D}.Debug|Any CPU.Build.0 = Debug|Any CPU
		{DE5AC377-4051-419A-B462-EC08328ABA5D}.Release|Any CPU.ActiveCfg = Release|Any CPU
		{DE5AC377-4051-419A-B462-EC08328ABA5D}.Release|Any CPU.Build.0 = Release|Any CPU
	EndGlobalSection
	GlobalSection(SolutionProperties) = preSolution
		HideSolutionNode = FALSE
	EndGlobalSection
	GlobalSection(ExtensibilityGlobals) = postSolution
		SolutionGuid = {50C5C0C3-9A1F-4B62-A62F-185F2AD6283D}
	EndGlobalSection
EndGlobal
